
Microsoft Visual Studio Solution File, Format Version 12.00
# Visual Studio Version 16
VisualStudioVersion = 16.0.30611.23
MinimumVisualStudioVersion = 10.0.40219.1
Project("{FAE04EC0-301F-11D3-BF4B-00C04F79EFBC}") = "SuperJet", "DB_project1\SuperJet.csproj", "{709058BB-E2DF-4F92-93F9-ED493DCE4062}"
EndProject
Global
	GlobalSection(SolutionConfigurationPlatforms) = preSolution
		Debug|Any CPU = Debug|Any CPU
		Release|Any CPU = Release|Any CPU
	EndGlobalSection
	GlobalSection(ProjectConfigurationPlatforms) = postSolution
		{709058BB-E2DF-4F92-93F9-ED493DCE4062}.Debug|Any CPU.ActiveCfg = Debug|Any CPU
		{709058BB-E2DF-4F92-93F9-ED493DCE4062}.Debug|Any CPU.Build.0 = Debug|Any CPU
		{709058BB-E2DF-4F92-93F9-ED493DCE4062}.Release|Any CPU.ActiveCfg = Release|Any CPU
		{709058BB-E2DF-4F92-93F9-ED493DCE4062}.Release|Any CPU.Build.0 = Release|Any CPU
	EndGlobalSection
	GlobalSection(SolutionProperties) = preSolution
		HideSolutionNode = FALSE
	EndGlobalSection
	GlobalSection(ExtensibilityGlobals) = postSolution
		SolutionGuid = {E877F8A9-6CFE-4A24-9463-29BF3D545AA4}
	EndGlobalSection
EndGlobal
